
Microsoft Visual Studio Solution File, Format Version 12.00
# Visual Studio Version 16
VisualStudioVersion = 16.0.31515.178
MinimumVisualStudioVersion = 10.0.40219.1
Project("{8BC9CEB8-8B4A-11D0-8D11-00A0C91BC942}") = "Project2", "Project2\Project2.vcxproj", "{99674830-3DBE-445D-ACA8-4961881D83D6}"
EndProject
Global
	GlobalSection(SolutionConfigurationPlatforms) = preSolution
		Debug|ARM = Debug|ARM
		Debug|x64 = Debug|x64
		Debug|x86 = Debug|x86
		Release|ARM = Release|ARM
		Release|x64 = Release|x64
		Release|x86 = Release|x86
		Test|ARM = Test|ARM
		Test|x64 = Test|x64
		Test|x86 = Test|x86
	EndGlobalSection
	GlobalSection(ProjectConfigurationPlatforms) = postSolution
		{99674830-3DBE-445D-ACA8-4961881D83D6}.Debug|ARM.ActiveCfg = Debug|ARM
		{99674830-3DBE-445D-ACA8-4961881D83D6}.Debug|ARM.Build.0 = Debug|ARM
		{99674830-3DBE-445D-ACA8-4961881D83D6}.Debug|x64.ActiveCfg = Debug|x64
		{99674830-3DBE-445D-ACA8-4961881D83D6}.Debug|x64.Build.0 = Debug|x64
		{99674830-3DBE-445D-ACA8-4961881D83D6}.Debug|x86.ActiveCfg = Debug|Win32
		{99674830-3DBE-445D-ACA8-4961881D83D6}.Debug|x86.Build.0 = Debug|Win32
		{99674830-3DBE-445D-ACA8-4961881D83D6}.Release|ARM.ActiveCfg = Release|ARM
		{99674830-3DBE-445D-ACA8-4961881D83D6}.Release|ARM.Build.0 = Release|ARM
		{99674830-3DBE-445D-ACA8-4961881D83D6}.Release|x64.ActiveCfg = Release|x64
		{99674830-3DBE-445D-ACA8-4961881D83D6}.Release|x64.Build.0 = Release|x64
		{99674830-3DBE-445D-ACA8-4961881D83D6}.Release|x86.ActiveCfg = Release|Win32
		{99674830-3DBE-445D-ACA8-4961881D83D6}.Release|x86.Build.0 = Release|Win32
		{99674830-3DBE-445D-ACA8-4961881D83D6}.Test|ARM.ActiveCfg = Test|x64
		{99674830-3DBE-445D-ACA8-4961881D83D6}.Test|ARM.Build.0 = Test|x64
		{99674830-3DBE-445D-ACA8-4961881D83D6}.Test|x64.ActiveCfg = Test|x64
		{99674830-3DBE-445D-ACA8-4961881D83D6}.Test|x64.Build.0 = Test|x64
		{99674830-3DBE-445D-ACA8-4961881D83D6}.Test|x86.ActiveCfg = Test|Win32
		{99674830-3DBE-445D-ACA8-4961881D83D6}.Test|x86.Build.0 = Test|Win32
	EndGlobalSection
	GlobalSection(SolutionProperties) = preSolution
		HideSolutionNode = FALSE
	EndGlobalSection
	GlobalSection(ExtensibilityGlobals) = postSolution
		SolutionGuid = {FE363C4F-BB01-4586-980A-5F1675ACFD2D}
	EndGlobalSection
EndGlobal
